// !$*UTF8*$!
{
	archiveVersion = 1;
	classes = {
	};
	objectVersion = 56;
	objects = {

/* Begin PBXBuildFile section */
		881040B62C9C247700FCBD5A /* ImageFileManager.swift in Sources */ = {isa = PBXBuildFile; fileRef = 881040B52C9C247700FCBD5A /* ImageFileManager.swift */; };
		881040BA2C9C513F00FCBD5A /* BookShelfImageView.swift in Sources */ = {isa = PBXBuildFile; fileRef = 881040B92C9C513F00FCBD5A /* BookShelfImageView.swift */; };
		881040BC2C9C63EC00FCBD5A /* HorizontalPageWrapper.swift in Sources */ = {isa = PBXBuildFile; fileRef = 881040BB2C9C63EC00FCBD5A /* HorizontalPageWrapper.swift */; };
		881040BE2C9C6D9400FCBD5A /* EntireShelfView.swift in Sources */ = {isa = PBXBuildFile; fileRef = 881040BD2C9C6D9400FCBD5A /* EntireShelfView.swift */; };
		8834AD732CA40CE6002DEA90 /* ToastView.swift in Sources */ = {isa = PBXBuildFile; fileRef = 8834AD722CA40CE6002DEA90 /* ToastView.swift */; };
		8851A7212C97F149002D2952 /* NavigationLazyView.swift in Sources */ = {isa = PBXBuildFile; fileRef = 8851A7202C97F149002D2952 /* NavigationLazyView.swift */; };
		8863628F2C99407700B5A8E8 /* SearchBarView.swift in Sources */ = {isa = PBXBuildFile; fileRef = 8863628E2C99407700B5A8E8 /* SearchBarView.swift */; };
		886362922C99409600B5A8E8 /* UIApplication+.swift in Sources */ = {isa = PBXBuildFile; fileRef = 886362912C99409600B5A8E8 /* UIApplication+.swift */; };
		886362952C9992DE00B5A8E8 /* Cosmos in Frameworks */ = {isa = PBXBuildFile; productRef = 886362942C9992DE00B5A8E8 /* Cosmos */; };
		886362972C9993F600B5A8E8 /* CustomCosmosView.swift in Sources */ = {isa = PBXBuildFile; fileRef = 886362962C9993F600B5A8E8 /* CustomCosmosView.swift */; };
		88D19D222C9ACFC200CE4FE6 /* GreenRoundBackground.swift in Sources */ = {isa = PBXBuildFile; fileRef = 88D19D212C9ACFC200CE4FE6 /* GreenRoundBackground.swift */; };
		88D19D242C9AD0C100CE4FE6 /* BookWriteViewModel.swift in Sources */ = {isa = PBXBuildFile; fileRef = 88D19D232C9AD0C100CE4FE6 /* BookWriteViewModel.swift */; };
		88D19D262C9AD3C500CE4FE6 /* BookReview.swift in Sources */ = {isa = PBXBuildFile; fileRef = 88D19D252C9AD3C500CE4FE6 /* BookReview.swift */; };
		88D19D292C9ADA8400CE4FE6 /* DateFormatterManager.swift in Sources */ = {isa = PBXBuildFile; fileRef = 88D19D282C9ADA8400CE4FE6 /* DateFormatterManager.swift */; };
		88D19D2B2C9B06FD00CE4FE6 /* RealmRepository.swift in Sources */ = {isa = PBXBuildFile; fileRef = 88D19D2A2C9B06FD00CE4FE6 /* RealmRepository.swift */; };
		88E1481F2C9D4C6B00A3ECF6 /* NavigationLinkWrapper.swift in Sources */ = {isa = PBXBuildFile; fileRef = 88E1481E2C9D4C6B00A3ECF6 /* NavigationLinkWrapper.swift */; };
		88E148212C9D557C00A3ECF6 /* BookReviewView.swift in Sources */ = {isa = PBXBuildFile; fileRef = 88E148202C9D557C00A3ECF6 /* BookReviewView.swift */; };
		88E148252C9DB9AB00A3ECF6 /* TitleGrayForeground.swift in Sources */ = {isa = PBXBuildFile; fileRef = 88E148242C9DB9AB00A3ECF6 /* TitleGrayForeground.swift */; };
		88E148272C9DBB5B00A3ECF6 /* ContentBlackForeground.swift in Sources */ = {isa = PBXBuildFile; fileRef = 88E148262C9DBB5B00A3ECF6 /* ContentBlackForeground.swift */; };
		88F02CBB2C9EEFC3003FD34A /* BookReviewViewModel.swift in Sources */ = {isa = PBXBuildFile; fileRef = 88F02CBA2C9EEFC3003FD34A /* BookReviewViewModel.swift */; };
		88F141EB2C95454D002117CD /* RebitApp.swift in Sources */ = {isa = PBXBuildFile; fileRef = 88F141EA2C95454D002117CD /* RebitApp.swift */; };
		88F141ED2C95454D002117CD /* ContentView.swift in Sources */ = {isa = PBXBuildFile; fileRef = 88F141EC2C95454D002117CD /* ContentView.swift */; };
		88F141EF2C95454E002117CD /* Assets.xcassets in Resources */ = {isa = PBXBuildFile; fileRef = 88F141EE2C95454E002117CD /* Assets.xcassets */; };
		88F141F22C95454E002117CD /* Preview Assets.xcassets in Resources */ = {isa = PBXBuildFile; fileRef = 88F141F12C95454E002117CD /* Preview Assets.xcassets */; };
		88F141F92C9545E1002117CD /* .gitignore in Resources */ = {isa = PBXBuildFile; fileRef = 88F141F82C9545E1002117CD /* .gitignore */; };
		88F141FD2C954765002117CD /* APIKey.swift in Sources */ = {isa = PBXBuildFile; fileRef = 88F141FC2C954765002117CD /* APIKey.swift */; };
		88F141FF2C954789002117CD /* NetworkManager.swift in Sources */ = {isa = PBXBuildFile; fileRef = 88F141FE2C954789002117CD /* NetworkManager.swift */; };
		88F142012C95479B002117CD /* BookRequest.swift in Sources */ = {isa = PBXBuildFile; fileRef = 88F142002C95479B002117CD /* BookRequest.swift */; };
		88F142032C9547A3002117CD /* BookResponse.swift in Sources */ = {isa = PBXBuildFile; fileRef = 88F142022C9547A3002117CD /* BookResponse.swift */; };
		88F142062C9547C2002117CD /* BookSearchView.swift in Sources */ = {isa = PBXBuildFile; fileRef = 88F142052C9547C2002117CD /* BookSearchView.swift */; };
		88F142092C9547F6002117CD /* BookSearchViewModel.swift in Sources */ = {isa = PBXBuildFile; fileRef = 88F142082C9547F6002117CD /* BookSearchViewModel.swift */; };
		88F1420C2C954817002117CD /* BaseViewModel.swift in Sources */ = {isa = PBXBuildFile; fileRef = 88F1420B2C954817002117CD /* BaseViewModel.swift */; };
		88F1420F2C9548B4002117CD /* CoverImageView.swift in Sources */ = {isa = PBXBuildFile; fileRef = 88F1420E2C9548B4002117CD /* CoverImageView.swift */; };
		88F142122C955F60002117CD /* MainTabView.swift in Sources */ = {isa = PBXBuildFile; fileRef = 88F142112C955F60002117CD /* MainTabView.swift */; };
		88F142152C9560D0002117CD /* FavoriteBookView.swift in Sources */ = {isa = PBXBuildFile; fileRef = 88F142142C9560D0002117CD /* FavoriteBookView.swift */; };
		88F142182C956122002117CD /* BookChartView.swift in Sources */ = {isa = PBXBuildFile; fileRef = 88F142172C956122002117CD /* BookChartView.swift */; };
		88F1421B2C956239002117CD /* BookShelfView.swift in Sources */ = {isa = PBXBuildFile; fileRef = 88F1421A2C956239002117CD /* BookShelfView.swift */; };
		88FC0F5B2CA02A6200E1102C /* FavoriteViewModel.swift in Sources */ = {isa = PBXBuildFile; fileRef = 88FC0F5A2CA02A6200E1102C /* FavoriteViewModel.swift */; };
		88FC19212C96B004004C844E /* BookWriteView.swift in Sources */ = {isa = PBXBuildFile; fileRef = 88FC19202C96B004004C844E /* BookWriteView.swift */; };
		88FC19242C96B11A004C844E /* RealmSwift in Frameworks */ = {isa = PBXBuildFile; productRef = 88FC19232C96B11A004C844E /* RealmSwift */; };
		88FC19272C96B3C9004C844E /* BookDetailView.swift in Sources */ = {isa = PBXBuildFile; fileRef = 88FC19262C96B3C9004C844E /* BookDetailView.swift */; };
/* End PBXBuildFile section */

/* Begin PBXFileReference section */
		881040B52C9C247700FCBD5A /* ImageFileManager.swift */ = {isa = PBXFileReference; lastKnownFileType = sourcecode.swift; path = ImageFileManager.swift; sourceTree = "<group>"; };
		881040B92C9C513F00FCBD5A /* BookShelfImageView.swift */ = {isa = PBXFileReference; lastKnownFileType = sourcecode.swift; path = BookShelfImageView.swift; sourceTree = "<group>"; };
		881040BB2C9C63EC00FCBD5A /* HorizontalPageWrapper.swift */ = {isa = PBXFileReference; lastKnownFileType = sourcecode.swift; path = HorizontalPageWrapper.swift; sourceTree = "<group>"; };
		881040BD2C9C6D9400FCBD5A /* EntireShelfView.swift */ = {isa = PBXFileReference; lastKnownFileType = sourcecode.swift; path = EntireShelfView.swift; sourceTree = "<group>"; };
		8834AD722CA40CE6002DEA90 /* ToastView.swift */ = {isa = PBXFileReference; lastKnownFileType = sourcecode.swift; path = ToastView.swift; sourceTree = "<group>"; };
		8851A7202C97F149002D2952 /* NavigationLazyView.swift */ = {isa = PBXFileReference; lastKnownFileType = sourcecode.swift; path = NavigationLazyView.swift; sourceTree = "<group>"; };
		8863628E2C99407700B5A8E8 /* SearchBarView.swift */ = {isa = PBXFileReference; lastKnownFileType = sourcecode.swift; path = SearchBarView.swift; sourceTree = "<group>"; };
		886362912C99409600B5A8E8 /* UIApplication+.swift */ = {isa = PBXFileReference; lastKnownFileType = sourcecode.swift; path = "UIApplication+.swift"; sourceTree = "<group>"; };
		886362962C9993F600B5A8E8 /* CustomCosmosView.swift */ = {isa = PBXFileReference; lastKnownFileType = sourcecode.swift; path = CustomCosmosView.swift; sourceTree = "<group>"; };
		88D19D212C9ACFC200CE4FE6 /* GreenRoundBackground.swift */ = {isa = PBXFileReference; lastKnownFileType = sourcecode.swift; path = GreenRoundBackground.swift; sourceTree = "<group>"; };
		88D19D232C9AD0C100CE4FE6 /* BookWriteViewModel.swift */ = {isa = PBXFileReference; lastKnownFileType = sourcecode.swift; path = BookWriteViewModel.swift; sourceTree = "<group>"; };
		88D19D252C9AD3C500CE4FE6 /* BookReview.swift */ = {isa = PBXFileReference; lastKnownFileType = sourcecode.swift; path = BookReview.swift; sourceTree = "<group>"; };
		88D19D282C9ADA8400CE4FE6 /* DateFormatterManager.swift */ = {isa = PBXFileReference; lastKnownFileType = sourcecode.swift; path = DateFormatterManager.swift; sourceTree = "<group>"; };
		88D19D2A2C9B06FD00CE4FE6 /* RealmRepository.swift */ = {isa = PBXFileReference; lastKnownFileType = sourcecode.swift; path = RealmRepository.swift; sourceTree = "<group>"; };
		88E1481E2C9D4C6B00A3ECF6 /* NavigationLinkWrapper.swift */ = {isa = PBXFileReference; lastKnownFileType = sourcecode.swift; path = NavigationLinkWrapper.swift; sourceTree = "<group>"; };
		88E148202C9D557C00A3ECF6 /* BookReviewView.swift */ = {isa = PBXFileReference; lastKnownFileType = sourcecode.swift; path = BookReviewView.swift; sourceTree = "<group>"; };
		88E148242C9DB9AB00A3ECF6 /* TitleGrayForeground.swift */ = {isa = PBXFileReference; lastKnownFileType = sourcecode.swift; path = TitleGrayForeground.swift; sourceTree = "<group>"; };
		88E148262C9DBB5B00A3ECF6 /* ContentBlackForeground.swift */ = {isa = PBXFileReference; lastKnownFileType = sourcecode.swift; path = ContentBlackForeground.swift; sourceTree = "<group>"; };
		88F02CBA2C9EEFC3003FD34A /* BookReviewViewModel.swift */ = {isa = PBXFileReference; lastKnownFileType = sourcecode.swift; path = BookReviewViewModel.swift; sourceTree = "<group>"; };
		88F141E72C95454D002117CD /* Rebit.app */ = {isa = PBXFileReference; explicitFileType = wrapper.application; includeInIndex = 0; path = Rebit.app; sourceTree = BUILT_PRODUCTS_DIR; };
		88F141EA2C95454D002117CD /* RebitApp.swift */ = {isa = PBXFileReference; lastKnownFileType = sourcecode.swift; path = RebitApp.swift; sourceTree = "<group>"; };
		88F141EC2C95454D002117CD /* ContentView.swift */ = {isa = PBXFileReference; lastKnownFileType = sourcecode.swift; path = ContentView.swift; sourceTree = "<group>"; };
		88F141EE2C95454E002117CD /* Assets.xcassets */ = {isa = PBXFileReference; lastKnownFileType = folder.assetcatalog; path = Assets.xcassets; sourceTree = "<group>"; };
		88F141F12C95454E002117CD /* Preview Assets.xcassets */ = {isa = PBXFileReference; lastKnownFileType = folder.assetcatalog; path = "Preview Assets.xcassets"; sourceTree = "<group>"; };
		88F141F82C9545E1002117CD /* .gitignore */ = {isa = PBXFileReference; lastKnownFileType = text; path = .gitignore; sourceTree = "<group>"; };
		88F141FC2C954765002117CD /* APIKey.swift */ = {isa = PBXFileReference; lastKnownFileType = sourcecode.swift; path = APIKey.swift; sourceTree = "<group>"; };
		88F141FE2C954789002117CD /* NetworkManager.swift */ = {isa = PBXFileReference; lastKnownFileType = sourcecode.swift; path = NetworkManager.swift; sourceTree = "<group>"; };
		88F142002C95479B002117CD /* BookRequest.swift */ = {isa = PBXFileReference; lastKnownFileType = sourcecode.swift; path = BookRequest.swift; sourceTree = "<group>"; };
		88F142022C9547A3002117CD /* BookResponse.swift */ = {isa = PBXFileReference; lastKnownFileType = sourcecode.swift; path = BookResponse.swift; sourceTree = "<group>"; };
		88F142052C9547C2002117CD /* BookSearchView.swift */ = {isa = PBXFileReference; lastKnownFileType = sourcecode.swift; path = BookSearchView.swift; sourceTree = "<group>"; };
		88F142082C9547F6002117CD /* BookSearchViewModel.swift */ = {isa = PBXFileReference; lastKnownFileType = sourcecode.swift; path = BookSearchViewModel.swift; sourceTree = "<group>"; };
		88F1420B2C954817002117CD /* BaseViewModel.swift */ = {isa = PBXFileReference; lastKnownFileType = sourcecode.swift; path = BaseViewModel.swift; sourceTree = "<group>"; };
		88F1420E2C9548B4002117CD /* CoverImageView.swift */ = {isa = PBXFileReference; lastKnownFileType = sourcecode.swift; path = CoverImageView.swift; sourceTree = "<group>"; };
		88F142112C955F60002117CD /* MainTabView.swift */ = {isa = PBXFileReference; lastKnownFileType = sourcecode.swift; path = MainTabView.swift; sourceTree = "<group>"; };
		88F142142C9560D0002117CD /* FavoriteBookView.swift */ = {isa = PBXFileReference; lastKnownFileType = sourcecode.swift; path = FavoriteBookView.swift; sourceTree = "<group>"; };
		88F142172C956122002117CD /* BookChartView.swift */ = {isa = PBXFileReference; lastKnownFileType = sourcecode.swift; path = BookChartView.swift; sourceTree = "<group>"; };
		88F1421A2C956239002117CD /* BookShelfView.swift */ = {isa = PBXFileReference; lastKnownFileType = sourcecode.swift; path = BookShelfView.swift; sourceTree = "<group>"; };
		88FC0F5A2CA02A6200E1102C /* FavoriteViewModel.swift */ = {isa = PBXFileReference; lastKnownFileType = sourcecode.swift; path = FavoriteViewModel.swift; sourceTree = "<group>"; };
		88FC19202C96B004004C844E /* BookWriteView.swift */ = {isa = PBXFileReference; lastKnownFileType = sourcecode.swift; path = BookWriteView.swift; sourceTree = "<group>"; };
		88FC19262C96B3C9004C844E /* BookDetailView.swift */ = {isa = PBXFileReference; lastKnownFileType = sourcecode.swift; path = BookDetailView.swift; sourceTree = "<group>"; };
/* End PBXFileReference section */

/* Begin PBXFrameworksBuildPhase section */
		88F141E42C95454D002117CD /* Frameworks */ = {
			isa = PBXFrameworksBuildPhase;
			buildActionMask = 2147483647;
			files = (
				886362952C9992DE00B5A8E8 /* Cosmos in Frameworks */,
				88FC19242C96B11A004C844E /* RealmSwift in Frameworks */,
			);
			runOnlyForDeploymentPostprocessing = 0;
		};
/* End PBXFrameworksBuildPhase section */

/* Begin PBXGroup section */
		8851A71F2C97F13B002D2952 /* Wrapper */ = {
			isa = PBXGroup;
			children = (
				8851A7202C97F149002D2952 /* NavigationLazyView.swift */,
				881040BB2C9C63EC00FCBD5A /* HorizontalPageWrapper.swift */,
				88E1481E2C9D4C6B00A3ECF6 /* NavigationLinkWrapper.swift */,
			);
			path = Wrapper;
			sourceTree = "<group>";
		};
		886362902C99408F00B5A8E8 /* Extension */ = {
			isa = PBXGroup;
			children = (
				886362912C99409600B5A8E8 /* UIApplication+.swift */,
			);
			path = Extension;
			sourceTree = "<group>";
		};
		88BF25C22C9FF3C600440FE1 /* Review */ = {
			isa = PBXGroup;
			children = (
				88BF25C62C9FF90600440FE1 /* ViewModel */,
				88BF25C52C9FF90200440FE1 /* View */,
			);
			path = Review;
			sourceTree = "<group>";
		};
		88BF25C52C9FF90200440FE1 /* View */ = {
			isa = PBXGroup;
			children = (
				88E148202C9D557C00A3ECF6 /* BookReviewView.swift */,
			);
			path = View;
			sourceTree = "<group>";
		};
		88BF25C62C9FF90600440FE1 /* ViewModel */ = {
			isa = PBXGroup;
			children = (
				88F02CBA2C9EEFC3003FD34A /* BookReviewViewModel.swift */,
			);
			path = ViewModel;
			sourceTree = "<group>";
		};
		88D19D202C9ACFA300CE4FE6 /* Modifier */ = {
			isa = PBXGroup;
			children = (
				88D19D212C9ACFC200CE4FE6 /* GreenRoundBackground.swift */,
				88E148242C9DB9AB00A3ECF6 /* TitleGrayForeground.swift */,
				88E148262C9DBB5B00A3ECF6 /* ContentBlackForeground.swift */,
			);
			path = Modifier;
			sourceTree = "<group>";
		};
		88D19D272C9ADA7D00CE4FE6 /* Utill */ = {
			isa = PBXGroup;
			children = (
				88D19D282C9ADA8400CE4FE6 /* DateFormatterManager.swift */,
				881040B52C9C247700FCBD5A /* ImageFileManager.swift */,
			);
			path = Utill;
			sourceTree = "<group>";
		};
		88F02CB92C9EEF98003FD34A /* View */ = {
			isa = PBXGroup;
			children = (
				88F1421A2C956239002117CD /* BookShelfView.swift */,
				881040BD2C9C6D9400FCBD5A /* EntireShelfView.swift */,
			);
			path = View;
			sourceTree = "<group>";
		};
		88F141DE2C95454D002117CD = {
			isa = PBXGroup;
			children = (
				88F141F82C9545E1002117CD /* .gitignore */,
				88F141E92C95454D002117CD /* Rebit */,
				88F141E82C95454D002117CD /* Products */,
			);
			sourceTree = "<group>";
		};
		88F141E82C95454D002117CD /* Products */ = {
			isa = PBXGroup;
			children = (
				88F141E72C95454D002117CD /* Rebit.app */,
			);
			name = Products;
			sourceTree = "<group>";
		};
		88F141E92C95454D002117CD /* Rebit */ = {
			isa = PBXGroup;
			children = (
				88D19D272C9ADA7D00CE4FE6 /* Utill */,
				88D19D202C9ACFA300CE4FE6 /* Modifier */,
				886362902C99408F00B5A8E8 /* Extension */,
				8851A71F2C97F13B002D2952 /* Wrapper */,
				88F142102C955F46002117CD /* TabView */,
				88F1420D2C95487F002117CD /* CustomView */,
				88F142042C9547B9002117CD /* Scene */,
				88F1420A2C954804002117CD /* Base */,
				88F141FB2C954680002117CD /* Database */,
				88F141FA2C954679002117CD /* Network */,
				88F141EA2C95454D002117CD /* RebitApp.swift */,
				88F141EC2C95454D002117CD /* ContentView.swift */,
				88F141EE2C95454E002117CD /* Assets.xcassets */,
				88F141F02C95454E002117CD /* Preview Content */,
				88F141FC2C954765002117CD /* APIKey.swift */,
			);
			path = Rebit;
			sourceTree = "<group>";
		};
		88F141F02C95454E002117CD /* Preview Content */ = {
			isa = PBXGroup;
			children = (
				88F141F12C95454E002117CD /* Preview Assets.xcassets */,
			);
			path = "Preview Content";
			sourceTree = "<group>";
		};
		88F141FA2C954679002117CD /* Network */ = {
			isa = PBXGroup;
			children = (
				88F141FE2C954789002117CD /* NetworkManager.swift */,
				88F142002C95479B002117CD /* BookRequest.swift */,
				88F142022C9547A3002117CD /* BookResponse.swift */,
			);
			path = Network;
			sourceTree = "<group>";
		};
		88F141FB2C954680002117CD /* Database */ = {
			isa = PBXGroup;
			children = (
				88D19D252C9AD3C500CE4FE6 /* BookReview.swift */,
				88D19D2A2C9B06FD00CE4FE6 /* RealmRepository.swift */,
			);
			path = Database;
			sourceTree = "<group>";
		};
		88F142042C9547B9002117CD /* Scene */ = {
			isa = PBXGroup;
			children = (
				88BF25C22C9FF3C600440FE1 /* Review */,
				88FC19252C96B3C3004C844E /* Detail */,
				88FC191F2C96AFC8004C844E /* Write */,
				88F142192C9561FE002117CD /* Shelf */,
				88F142162C956118002117CD /* Chart */,
				88F142132C9560C6002117CD /* Favorite */,
				88F142072C9547DB002117CD /* Search */,
			);
			path = Scene;
			sourceTree = "<group>";
		};
		88F142072C9547DB002117CD /* Search */ = {
			isa = PBXGroup;
			children = (
				88F142052C9547C2002117CD /* BookSearchView.swift */,
				88F142082C9547F6002117CD /* BookSearchViewModel.swift */,
			);
			path = Search;
			sourceTree = "<group>";
		};
		88F1420A2C954804002117CD /* Base */ = {
			isa = PBXGroup;
			children = (
				88F1420B2C954817002117CD /* BaseViewModel.swift */,
			);
			path = Base;
			sourceTree = "<group>";
		};
		88F1420D2C95487F002117CD /* CustomView */ = {
			isa = PBXGroup;
			children = (
				88F1420E2C9548B4002117CD /* CoverImageView.swift */,
				8863628E2C99407700B5A8E8 /* SearchBarView.swift */,
				886362962C9993F600B5A8E8 /* CustomCosmosView.swift */,
				881040B92C9C513F00FCBD5A /* BookShelfImageView.swift */,
				8834AD722CA40CE6002DEA90 /* ToastView.swift */,
			);
			path = CustomView;
			sourceTree = "<group>";
		};
		88F142102C955F46002117CD /* TabView */ = {
			isa = PBXGroup;
			children = (
				88F142112C955F60002117CD /* MainTabView.swift */,
			);
			path = TabView;
			sourceTree = "<group>";
		};
		88F142132C9560C6002117CD /* Favorite */ = {
			isa = PBXGroup;
			children = (
				88FC0F592CA02A5B00E1102C /* ViewModel */,
				88FC0F582CA02A5600E1102C /* View */,
			);
			path = Favorite;
			sourceTree = "<group>";
		};
		88F142162C956118002117CD /* Chart */ = {
			isa = PBXGroup;
			children = (
				88F142172C956122002117CD /* BookChartView.swift */,
			);
			path = Chart;
			sourceTree = "<group>";
		};
		88F142192C9561FE002117CD /* Shelf */ = {
			isa = PBXGroup;
			children = (
				88F02CB92C9EEF98003FD34A /* View */,
			);
			path = Shelf;
			sourceTree = "<group>";
		};
		88FC0F582CA02A5600E1102C /* View */ = {
			isa = PBXGroup;
			children = (
				88F142142C9560D0002117CD /* FavoriteBookView.swift */,
			);
			path = View;
			sourceTree = "<group>";
		};
		88FC0F592CA02A5B00E1102C /* ViewModel */ = {
			isa = PBXGroup;
			children = (
				88FC0F5A2CA02A6200E1102C /* FavoriteViewModel.swift */,
			);
			path = ViewModel;
			sourceTree = "<group>";
		};
		88FC191F2C96AFC8004C844E /* Write */ = {
			isa = PBXGroup;
			children = (
				88FC19202C96B004004C844E /* BookWriteView.swift */,
				88D19D232C9AD0C100CE4FE6 /* BookWriteViewModel.swift */,
			);
			path = Write;
			sourceTree = "<group>";
		};
		88FC19252C96B3C3004C844E /* Detail */ = {
			isa = PBXGroup;
			children = (
				88FC19262C96B3C9004C844E /* BookDetailView.swift */,
			);
			path = Detail;
			sourceTree = "<group>";
		};
/* End PBXGroup section */

/* Begin PBXNativeTarget section */
		88F141E62C95454D002117CD /* Rebit */ = {
			isa = PBXNativeTarget;
			buildConfigurationList = 88F141F52C95454E002117CD /* Build configuration list for PBXNativeTarget "Rebit" */;
			buildPhases = (
				88F141E32C95454D002117CD /* Sources */,
				88F141E42C95454D002117CD /* Frameworks */,
				88F141E52C95454D002117CD /* Resources */,
			);
			buildRules = (
			);
			dependencies = (
			);
			name = Rebit;
			packageProductDependencies = (
				88FC19232C96B11A004C844E /* RealmSwift */,
				886362942C9992DE00B5A8E8 /* Cosmos */,
			);
			productName = Rebit;
			productReference = 88F141E72C95454D002117CD /* Rebit.app */;
			productType = "com.apple.product-type.application";
		};
/* End PBXNativeTarget section */

/* Begin PBXProject section */
		88F141DF2C95454D002117CD /* Project object */ = {
			isa = PBXProject;
			attributes = {
				BuildIndependentTargetsInParallel = 1;
				LastSwiftUpdateCheck = 1540;
				LastUpgradeCheck = 1540;
				TargetAttributes = {
					88F141E62C95454D002117CD = {
						CreatedOnToolsVersion = 15.4;
					};
				};
			};
			buildConfigurationList = 88F141E22C95454D002117CD /* Build configuration list for PBXProject "Rebit" */;
			compatibilityVersion = "Xcode 14.0";
			developmentRegion = en;
			hasScannedForEncodings = 0;
			knownRegions = (
				en,
				Base,
			);
			mainGroup = 88F141DE2C95454D002117CD;
			packageReferences = (
				88FC19222C96B11A004C844E /* XCRemoteSwiftPackageReference "realm-swift" */,
				886362932C9992DE00B5A8E8 /* XCRemoteSwiftPackageReference "Cosmos" */,
			);
			productRefGroup = 88F141E82C95454D002117CD /* Products */;
			projectDirPath = "";
			projectRoot = "";
			targets = (
				88F141E62C95454D002117CD /* Rebit */,
			);
		};
/* End PBXProject section */

/* Begin PBXResourcesBuildPhase section */
		88F141E52C95454D002117CD /* Resources */ = {
			isa = PBXResourcesBuildPhase;
			buildActionMask = 2147483647;
			files = (
				88F141F22C95454E002117CD /* Preview Assets.xcassets in Resources */,
				88F141F92C9545E1002117CD /* .gitignore in Resources */,
				88F141EF2C95454E002117CD /* Assets.xcassets in Resources */,
			);
			runOnlyForDeploymentPostprocessing = 0;
		};
/* End PBXResourcesBuildPhase section */

/* Begin PBXSourcesBuildPhase section */
		88F141E32C95454D002117CD /* Sources */ = {
			isa = PBXSourcesBuildPhase;
			buildActionMask = 2147483647;
			files = (
				881040BE2C9C6D9400FCBD5A /* EntireShelfView.swift in Sources */,
				886362922C99409600B5A8E8 /* UIApplication+.swift in Sources */,
				88D19D292C9ADA8400CE4FE6 /* DateFormatterManager.swift in Sources */,
				88D19D242C9AD0C100CE4FE6 /* BookWriteViewModel.swift in Sources */,
				88F1421B2C956239002117CD /* BookShelfView.swift in Sources */,
				88F142062C9547C2002117CD /* BookSearchView.swift in Sources */,
				8851A7212C97F149002D2952 /* NavigationLazyView.swift in Sources */,
				88E148212C9D557C00A3ECF6 /* BookReviewView.swift in Sources */,
				881040BA2C9C513F00FCBD5A /* BookShelfImageView.swift in Sources */,
				88F142092C9547F6002117CD /* BookSearchViewModel.swift in Sources */,
				88F1420F2C9548B4002117CD /* CoverImageView.swift in Sources */,
				88FC0F5B2CA02A6200E1102C /* FavoriteViewModel.swift in Sources */,
				88F141FF2C954789002117CD /* NetworkManager.swift in Sources */,
				88D19D262C9AD3C500CE4FE6 /* BookReview.swift in Sources */,
				88F142152C9560D0002117CD /* FavoriteBookView.swift in Sources */,
				88F141ED2C95454D002117CD /* ContentView.swift in Sources */,
				886362972C9993F600B5A8E8 /* CustomCosmosView.swift in Sources */,
				88D19D222C9ACFC200CE4FE6 /* GreenRoundBackground.swift in Sources */,
				88F142122C955F60002117CD /* MainTabView.swift in Sources */,
				881040BC2C9C63EC00FCBD5A /* HorizontalPageWrapper.swift in Sources */,
				8834AD732CA40CE6002DEA90 /* ToastView.swift in Sources */,
				88E148272C9DBB5B00A3ECF6 /* ContentBlackForeground.swift in Sources */,
				88FC19272C96B3C9004C844E /* BookDetailView.swift in Sources */,
				88E1481F2C9D4C6B00A3ECF6 /* NavigationLinkWrapper.swift in Sources */,
				88F141FD2C954765002117CD /* APIKey.swift in Sources */,
				8863628F2C99407700B5A8E8 /* SearchBarView.swift in Sources */,
				88F1420C2C954817002117CD /* BaseViewModel.swift in Sources */,
				88F142182C956122002117CD /* BookChartView.swift in Sources */,
				88D19D2B2C9B06FD00CE4FE6 /* RealmRepository.swift in Sources */,
				881040B62C9C247700FCBD5A /* ImageFileManager.swift in Sources */,
				88F02CBB2C9EEFC3003FD34A /* BookReviewViewModel.swift in Sources */,
				88F142012C95479B002117CD /* BookRequest.swift in Sources */,
				88F141EB2C95454D002117CD /* RebitApp.swift in Sources */,
				88FC19212C96B004004C844E /* BookWriteView.swift in Sources */,
				88E148252C9DB9AB00A3ECF6 /* TitleGrayForeground.swift in Sources */,
				88F142032C9547A3002117CD /* BookResponse.swift in Sources */,
			);
			runOnlyForDeploymentPostprocessing = 0;
		};
/* End PBXSourcesBuildPhase section */

/* Begin XCBuildConfiguration section */
		88F141F32C95454E002117CD /* Debug */ = {
			isa = XCBuildConfiguration;
			buildSettings = {
				ALWAYS_SEARCH_USER_PATHS = NO;
				ASSETCATALOG_COMPILER_GENERATE_SWIFT_ASSET_SYMBOL_EXTENSIONS = YES;
				CLANG_ANALYZER_NONNULL = YES;
				CLANG_ANALYZER_NUMBER_OBJECT_CONVERSION = YES_AGGRESSIVE;
				CLANG_CXX_LANGUAGE_STANDARD = "gnu++20";
				CLANG_ENABLE_MODULES = YES;
				CLANG_ENABLE_OBJC_ARC = YES;
				CLANG_ENABLE_OBJC_WEAK = YES;
				CLANG_WARN_BLOCK_CAPTURE_AUTORELEASING = YES;
				CLANG_WARN_BOOL_CONVERSION = YES;
				CLANG_WARN_COMMA = YES;
				CLANG_WARN_CONSTANT_CONVERSION = YES;
				CLANG_WARN_DEPRECATED_OBJC_IMPLEMENTATIONS = YES;
				CLANG_WARN_DIRECT_OBJC_ISA_USAGE = YES_ERROR;
				CLANG_WARN_DOCUMENTATION_COMMENTS = YES;
				CLANG_WARN_EMPTY_BODY = YES;
				CLANG_WARN_ENUM_CONVERSION = YES;
				CLANG_WARN_INFINITE_RECURSION = YES;
				CLANG_WARN_INT_CONVERSION = YES;
				CLANG_WARN_NON_LITERAL_NULL_CONVERSION = YES;
				CLANG_WARN_OBJC_IMPLICIT_RETAIN_SELF = YES;
				CLANG_WARN_OBJC_LITERAL_CONVERSION = YES;
				CLANG_WARN_OBJC_ROOT_CLASS = YES_ERROR;
				CLANG_WARN_QUOTED_INCLUDE_IN_FRAMEWORK_HEADER = YES;
				CLANG_WARN_RANGE_LOOP_ANALYSIS = YES;
				CLANG_WARN_STRICT_PROTOTYPES = YES;
				CLANG_WARN_SUSPICIOUS_MOVE = YES;
				CLANG_WARN_UNGUARDED_AVAILABILITY = YES_AGGRESSIVE;
				CLANG_WARN_UNREACHABLE_CODE = YES;
				CLANG_WARN__DUPLICATE_METHOD_MATCH = YES;
				COPY_PHASE_STRIP = NO;
				DEBUG_INFORMATION_FORMAT = dwarf;
				ENABLE_STRICT_OBJC_MSGSEND = YES;
				ENABLE_TESTABILITY = YES;
				ENABLE_USER_SCRIPT_SANDBOXING = YES;
				GCC_C_LANGUAGE_STANDARD = gnu17;
				GCC_DYNAMIC_NO_PIC = NO;
				GCC_NO_COMMON_BLOCKS = YES;
				GCC_OPTIMIZATION_LEVEL = 0;
				GCC_PREPROCESSOR_DEFINITIONS = (
					"DEBUG=1",
					"$(inherited)",
				);
				GCC_WARN_64_TO_32_BIT_CONVERSION = YES;
				GCC_WARN_ABOUT_RETURN_TYPE = YES_ERROR;
				GCC_WARN_UNDECLARED_SELECTOR = YES;
				GCC_WARN_UNINITIALIZED_AUTOS = YES_AGGRESSIVE;
				GCC_WARN_UNUSED_FUNCTION = YES;
				GCC_WARN_UNUSED_VARIABLE = YES;
				IPHONEOS_DEPLOYMENT_TARGET = 17.5;
				LOCALIZATION_PREFERS_STRING_CATALOGS = YES;
				MTL_ENABLE_DEBUG_INFO = INCLUDE_SOURCE;
				MTL_FAST_MATH = YES;
				ONLY_ACTIVE_ARCH = YES;
				SDKROOT = iphoneos;
				SWIFT_ACTIVE_COMPILATION_CONDITIONS = "DEBUG $(inherited)";
				SWIFT_OPTIMIZATION_LEVEL = "-Onone";
			};
			name = Debug;
		};
		88F141F42C95454E002117CD /* Release */ = {
			isa = XCBuildConfiguration;
			buildSettings = {
				ALWAYS_SEARCH_USER_PATHS = NO;
				ASSETCATALOG_COMPILER_GENERATE_SWIFT_ASSET_SYMBOL_EXTENSIONS = YES;
				CLANG_ANALYZER_NONNULL = YES;
				CLANG_ANALYZER_NUMBER_OBJECT_CONVERSION = YES_AGGRESSIVE;
				CLANG_CXX_LANGUAGE_STANDARD = "gnu++20";
				CLANG_ENABLE_MODULES = YES;
				CLANG_ENABLE_OBJC_ARC = YES;
				CLANG_ENABLE_OBJC_WEAK = YES;
				CLANG_WARN_BLOCK_CAPTURE_AUTORELEASING = YES;
				CLANG_WARN_BOOL_CONVERSION = YES;
				CLANG_WARN_COMMA = YES;
				CLANG_WARN_CONSTANT_CONVERSION = YES;
				CLANG_WARN_DEPRECATED_OBJC_IMPLEMENTATIONS = YES;
				CLANG_WARN_DIRECT_OBJC_ISA_USAGE = YES_ERROR;
				CLANG_WARN_DOCUMENTATION_COMMENTS = YES;
				CLANG_WARN_EMPTY_BODY = YES;
				CLANG_WARN_ENUM_CONVERSION = YES;
				CLANG_WARN_INFINITE_RECURSION = YES;
				CLANG_WARN_INT_CONVERSION = YES;
				CLANG_WARN_NON_LITERAL_NULL_CONVERSION = YES;
				CLANG_WARN_OBJC_IMPLICIT_RETAIN_SELF = YES;
				CLANG_WARN_OBJC_LITERAL_CONVERSION = YES;
				CLANG_WARN_OBJC_ROOT_CLASS = YES_ERROR;
				CLANG_WARN_QUOTED_INCLUDE_IN_FRAMEWORK_HEADER = YES;
				CLANG_WARN_RANGE_LOOP_ANALYSIS = YES;
				CLANG_WARN_STRICT_PROTOTYPES = YES;
				CLANG_WARN_SUSPICIOUS_MOVE = YES;
				CLANG_WARN_UNGUARDED_AVAILABILITY = YES_AGGRESSIVE;
				CLANG_WARN_UNREACHABLE_CODE = YES;
				CLANG_WARN__DUPLICATE_METHOD_MATCH = YES;
				COPY_PHASE_STRIP = NO;
				DEBUG_INFORMATION_FORMAT = "dwarf-with-dsym";
				ENABLE_NS_ASSERTIONS = NO;
				ENABLE_STRICT_OBJC_MSGSEND = YES;
				ENABLE_USER_SCRIPT_SANDBOXING = YES;
				GCC_C_LANGUAGE_STANDARD = gnu17;
				GCC_NO_COMMON_BLOCKS = YES;
				GCC_WARN_64_TO_32_BIT_CONVERSION = YES;
				GCC_WARN_ABOUT_RETURN_TYPE = YES_ERROR;
				GCC_WARN_UNDECLARED_SELECTOR = YES;
				GCC_WARN_UNINITIALIZED_AUTOS = YES_AGGRESSIVE;
				GCC_WARN_UNUSED_FUNCTION = YES;
				GCC_WARN_UNUSED_VARIABLE = YES;
				IPHONEOS_DEPLOYMENT_TARGET = 17.5;
				LOCALIZATION_PREFERS_STRING_CATALOGS = YES;
				MTL_ENABLE_DEBUG_INFO = NO;
				MTL_FAST_MATH = YES;
				SDKROOT = iphoneos;
				SWIFT_COMPILATION_MODE = wholemodule;
				VALIDATE_PRODUCT = YES;
			};
			name = Release;
		};
		88F141F62C95454E002117CD /* Debug */ = {
			isa = XCBuildConfiguration;
			buildSettings = {
				ASSETCATALOG_COMPILER_APPICON_NAME = AppIcon;
				ASSETCATALOG_COMPILER_GLOBAL_ACCENT_COLOR_NAME = AccentColor;
				CODE_SIGN_STYLE = Automatic;
				CURRENT_PROJECT_VERSION = 1;
				DEVELOPMENT_ASSET_PATHS = "\"Rebit/Preview Content\"";
				DEVELOPMENT_TEAM = 6ZWU3ZJ8BG;
				ENABLE_PREVIEWS = YES;
				GENERATE_INFOPLIST_FILE = YES;
				INFOPLIST_KEY_UIApplicationSceneManifest_Generation = YES;
				INFOPLIST_KEY_UIApplicationSupportsIndirectInputEvents = YES;
				INFOPLIST_KEY_UILaunchScreen_Generation = YES;
				INFOPLIST_KEY_UISupportedInterfaceOrientations = UIInterfaceOrientationPortrait;
				INFOPLIST_KEY_UISupportedInterfaceOrientations_iPad = UIInterfaceOrientationPortrait;
				INFOPLIST_KEY_UIUserInterfaceStyle = Light;
				IPHONEOS_DEPLOYMENT_TARGET = 16.0;
				LD_RUNPATH_SEARCH_PATHS = (
					"$(inherited)",
					"@executable_path/Frameworks",
				);
				MARKETING_VERSION = 1.0;
				PRODUCT_BUNDLE_IDENTIFIER = com.jm.Rebit;
				PRODUCT_NAME = "$(TARGET_NAME)";
				SUPPORTED_PLATFORMS = "iphoneos iphonesimulator";
				SUPPORTS_MACCATALYST = NO;
				SUPPORTS_MAC_DESIGNED_FOR_IPHONE_IPAD = NO;
				SUPPORTS_XR_DESIGNED_FOR_IPHONE_IPAD = NO;
				SWIFT_EMIT_LOC_STRINGS = YES;
				SWIFT_VERSION = 5.0;
				TARGETED_DEVICE_FAMILY = 1;
			};
			name = Debug;
		};
		88F141F72C95454E002117CD /* Release */ = {
			isa = XCBuildConfiguration;
			buildSettings = {
				ASSETCATALOG_COMPILER_APPICON_NAME = AppIcon;
				ASSETCATALOG_COMPILER_GLOBAL_ACCENT_COLOR_NAME = AccentColor;
				CODE_SIGN_STYLE = Automatic;
				CURRENT_PROJECT_VERSION = 1;
				DEVELOPMENT_ASSET_PATHS = "\"Rebit/Preview Content\"";
				DEVELOPMENT_TEAM = 6ZWU3ZJ8BG;
				ENABLE_PREVIEWS = YES;
				GENERATE_INFOPLIST_FILE = YES;
				INFOPLIST_KEY_UIApplicationSceneManifest_Generation = YES;
				INFOPLIST_KEY_UIApplicationSupportsIndirectInputEvents = YES;
				INFOPLIST_KEY_UILaunchScreen_Generation = YES;
				INFOPLIST_KEY_UISupportedInterfaceOrientations = UIInterfaceOrientationPortrait;
				INFOPLIST_KEY_UISupportedInterfaceOrientations_iPad = UIInterfaceOrientationPortrait;
				INFOPLIST_KEY_UIUserInterfaceStyle = Light;
				IPHONEOS_DEPLOYMENT_TARGET = 16.0;
				LD_RUNPATH_SEARCH_PATHS = (
					"$(inherited)",
					"@executable_path/Frameworks",
				);
				MARKETING_VERSION = 1.0;
				PRODUCT_BUNDLE_IDENTIFIER = com.jm.Rebit;
				PRODUCT_NAME = "$(TARGET_NAME)";
				SUPPORTED_PLATFORMS = "iphoneos iphonesimulator";
				SUPPORTS_MACCATALYST = NO;
				SUPPORTS_MAC_DESIGNED_FOR_IPHONE_IPAD = NO;
				SUPPORTS_XR_DESIGNED_FOR_IPHONE_IPAD = NO;
				SWIFT_EMIT_LOC_STRINGS = YES;
				SWIFT_VERSION = 5.0;
				TARGETED_DEVICE_FAMILY = 1;
			};
			name = Release;
		};
/* End XCBuildConfiguration section */

/* Begin XCConfigurationList section */
		88F141E22C95454D002117CD /* Build configuration list for PBXProject "Rebit" */ = {
			isa = XCConfigurationList;
			buildConfigurations = (
				88F141F32C95454E002117CD /* Debug */,
				88F141F42C95454E002117CD /* Release */,
			);
			defaultConfigurationIsVisible = 0;
			defaultConfigurationName = Release;
		};
		88F141F52C95454E002117CD /* Build configuration list for PBXNativeTarget "Rebit" */ = {
			isa = XCConfigurationList;
			buildConfigurations = (
				88F141F62C95454E002117CD /* Debug */,
				88F141F72C95454E002117CD /* Release */,
			);
			defaultConfigurationIsVisible = 0;
			defaultConfigurationName = Release;
		};
/* End XCConfigurationList section */

/* Begin XCRemoteSwiftPackageReference section */
		886362932C9992DE00B5A8E8 /* XCRemoteSwiftPackageReference "Cosmos" */ = {
			isa = XCRemoteSwiftPackageReference;
			repositoryURL = "https://github.com/evgenyneu/Cosmos.git";
			requirement = {
				kind = upToNextMajorVersion;
				minimumVersion = 25.0.1;
			};
		};
		88FC19222C96B11A004C844E /* XCRemoteSwiftPackageReference "realm-swift" */ = {
			isa = XCRemoteSwiftPackageReference;
			repositoryURL = "https://github.com/realm/realm-swift.git";
			requirement = {
				kind = exactVersion;
				version = 20.0.0;
			};
		};
/* End XCRemoteSwiftPackageReference section */

/* Begin XCSwiftPackageProductDependency section */
		886362942C9992DE00B5A8E8 /* Cosmos */ = {
			isa = XCSwiftPackageProductDependency;
			package = 886362932C9992DE00B5A8E8 /* XCRemoteSwiftPackageReference "Cosmos" */;
			productName = Cosmos;
		};
		88FC19232C96B11A004C844E /* RealmSwift */ = {
			isa = XCSwiftPackageProductDependency;
			package = 88FC19222C96B11A004C844E /* XCRemoteSwiftPackageReference "realm-swift" */;
			productName = RealmSwift;
		};
/* End XCSwiftPackageProductDependency section */
	};
	rootObject = 88F141DF2C95454D002117CD /* Project object */;
}
